
Microsoft Visual Studio Solution File, Format Version 12.00
# Visual Studio 15
VisualStudioVersion = 15.0.26430.13
MinimumVisualStudioVersion = 10.0.40219.1
Project("{FAE04EC0-301F-11D3-BF4B-00C04F79EFBC}") = "ToDoListApp", "ToDoListApp\ToDoListApp\ToDoListApp.csproj", "{F94C94E9-0A89-475C-851E-E2E22ADD01D5}"
EndProject
Project("{FAE04EC0-301F-11D3-BF4B-00C04F79EFBC}") = "ToDoListApp.Droid", "ToDoListApp\ToDoListApp.Droid\ToDoListApp.Droid.csproj", "{D94E9FD7-9D7F-44D9-8705-FD1F3B453BF9}"
EndProject
Project("{FAE04EC0-301F-11D3-BF4B-00C04F79EFBC}") = "ToDoListApp.iOS", "ToDoListApp\ToDoListApp.iOS\ToDoListApp.iOS.csproj", "{6DED4772-7955-480E-95F9-937ED57727FC}"
EndProject
Global
	GlobalSection(SolutionConfigurationPlatforms) = preSolution
		Ad-Hoc|Any CPU = Ad-Hoc|Any CPU
		Ad-Hoc|iPhone = Ad-Hoc|iPhone
		Ad-Hoc|iPhoneSimulator = Ad-Hoc|iPhoneSimulator
		AppStore|Any CPU = AppStore|Any CPU
		AppStore|iPhone = AppStore|iPhone
		AppStore|iPhoneSimulator = AppStore|iPhoneSimulator
		Debug|Any CPU = Debug|Any CPU
		Debug|iPhone = Debug|iPhone
		Debug|iPhoneSimulator = Debug|iPhoneSimulator
		Release|Any CPU = Release|Any CPU
		Release|iPhone = Release|iPhone
		Release|iPhoneSimulator = Release|iPhoneSimulator
	EndGlobalSection
	GlobalSection(ProjectConfigurationPlatforms) = postSolution
		{F94C94E9-0A89-475C-851E-E2E22ADD01D5}.Ad-Hoc|Any CPU.ActiveCfg = Release|Any CPU
		{F94C94E9-0A89-475C-851E-E2E22ADD01D5}.Ad-Hoc|Any CPU.Build.0 = Release|Any CPU
		{F94C94E9-0A89-475C-851E-E2E22ADD01D5}.Ad-Hoc|iPhone.ActiveCfg = Release|Any CPU
		{F94C94E9-0A89-475C-851E-E2E22ADD01D5}.Ad-Hoc|iPhone.Build.0 = Release|Any CPU
		{F94C94E9-0A89-475C-851E-E2E22ADD01D5}.Ad-Hoc|iPhoneSimulator.ActiveCfg = Release|Any CPU
		{F94C94E9-0A89-475C-851E-E2E22ADD01D5}.Ad-Hoc|iPhoneSimulator.Build.0 = Release|Any CPU
		{F94C94E9-0A89-475C-851E-E2E22ADD01D5}.AppStore|Any CPU.ActiveCfg = Release|Any CPU
		{F94C94E9-0A89-475C-851E-E2E22ADD01D5}.AppStore|Any CPU.Build.0 = Release|Any CPU
		{F94C94E9-0A89-475C-851E-E2E22ADD01D5}.AppStore|iPhone.ActiveCfg = Release|Any CPU
		{F94C94E9-0A89-475C-851E-E2E22ADD01D5}.AppStore|iPhone.Build.0 = Release|Any CPU
		{F94C94E9-0A89-475C-851E-E2E22ADD01D5}.AppStore|iPhoneSimulator.ActiveCfg = Release|Any CPU
		{F94C94E9-0A89-475C-851E-E2E22ADD01D5}.AppStore|iPhoneSimulator.Build.0 = Release|Any CPU
		{F94C94E9-0A89-475C-851E-E2E22ADD01D5}.Debug|Any CPU.ActiveCfg = Debug|Any CPU
		{F94C94E9-0A89-475C-851E-E2E22ADD01D5}.Debug|Any CPU.Build.0 = Debug|Any CPU
		{F94C94E9-0A89-475C-851E-E2E22ADD01D5}.Debug|iPhone.ActiveCfg = Debug|Any CPU
		{F94C94E9-0A89-475C-851E-E2E22ADD01D5}.Debug|iPhone.Build.0 = Debug|Any CPU
		{F94C94E9-0A89-475C-851E-E2E22ADD01D5}.Debug|iPhoneSimulator.ActiveCfg = Debug|Any CPU
		{F94C94E9-0A89-475C-851E-E2E22ADD01D5}.Debug|iPhoneSimulator.Build.0 = Debug|Any CPU
		{F94C94E9-0A89-475C-851E-E2E22ADD01D5}.Release|Any CPU.ActiveCfg = Release|Any CPU
		{F94C94E9-0A89-475C-851E-E2E22ADD01D5}.Release|Any CPU.Build.0 = Release|Any CPU
		{F94C94E9-0A89-475C-851E-E2E22ADD01D5}.Release|iPhone.ActiveCfg = Release|Any CPU
		{F94C94E9-0A89-475C-851E-E2E22ADD01D5}.Release|iPhone.Build.0 = Release|Any CPU
		{F94C94E9-0A89-475C-851E-E2E22ADD01D5}.Release|iPhoneSimulator.ActiveCfg = Release|Any CPU
		{F94C94E9-0A89-475C-851E-E2E22ADD01D5}.Release|iPhoneSimulator.Build.0 = Release|Any CPU
		{D94E9FD7-9D7F-44D9-8705-FD1F3B453BF9}.Ad-Hoc|Any CPU.ActiveCfg = Release|Any CPU
		{D94E9FD7-9D7F-44D9-8705-FD1F3B453BF9}.Ad-Hoc|Any CPU.Build.0 = Release|Any CPU
		{D94E9FD7-9D7F-44D9-8705-FD1F3B453BF9}.Ad-Hoc|Any CPU.Deploy.0 = Release|Any CPU
		{D94E9FD7-9D7F-44D9-8705-FD1F3B453BF9}.Ad-Hoc|iPhone.ActiveCfg = Release|Any CPU
		{D94E9FD7-9D7F-44D9-8705-FD1F3B453BF9}.Ad-Hoc|iPhone.Build.0 = Release|Any CPU
		{D94E9FD7-9D7F-44D9-8705-FD1F3B453BF9}.Ad-Hoc|iPhone.Deploy.0 = Release|Any CPU
		{D94E9FD7-9D7F-44D9-8705-FD1F3B453BF9}.Ad-Hoc|iPhoneSimulator.ActiveCfg = Release|Any CPU
		{D94E9FD7-9D7F-44D9-8705-FD1F3B453BF9}.Ad-Hoc|iPhoneSimulator.Build.0 = Release|Any CPU
		{D94E9FD7-9D7F-44D9-8705-FD1F3B453BF9}.Ad-Hoc|iPhoneSimulator.Deploy.0 = Release|Any CPU
		{D94E9FD7-9D7F-44D9-8705-FD1F3B453BF9}.AppStore|Any CPU.ActiveCfg = Release|Any CPU
		{D94E9FD7-9D7F-44D9-8705-FD1F3B453BF9}.AppStore|Any CPU.Build.0 = Release|Any CPU
		{D94E9FD7-9D7F-44D9-8705-FD1F3B453BF9}.AppStore|Any CPU.Deploy.0 = Release|Any CPU
		{D94E9FD7-9D7F-44D9-8705-FD1F3B453BF9}.AppStore|iPhone.ActiveCfg = Release|Any CPU
		{D94E9FD7-9D7F-44D9-8705-FD1F3B453BF9}.AppStore|iPhone.Build.0 = Release|Any CPU
		{D94E9FD7-9D7F-44D9-8705-FD1F3B453BF9}.AppStore|iPhone.Deploy.0 = Release|Any CPU
		{D94E9FD7-9D7F-44D9-8705-FD1F3B453BF9}.AppStore|iPhoneSimulator.ActiveCfg = Release|Any CPU
		{D94E9FD7-9D7F-44D9-8705-FD1F3B453BF9}.AppStore|iPhoneSimulator.Build.0 = Release|Any CPU
		{D94E9FD7-9D7F-44D9-8705-FD1F3B453BF9}.AppStore|iPhoneSimulator.Deploy.0 = Release|Any CPU
		{D94E9FD7-9D7F-44D9-8705-FD1F3B453BF9}.Debug|Any CPU.ActiveCfg = Debug|Any CPU
		{D94E9FD7-9D7F-44D9-8705-FD1F3B453BF9}.Debug|Any CPU.Build.0 = Debug|Any CPU
		{D94E9FD7-9D7F-44D9-8705-FD1F3B453BF9}.Debug|Any CPU.Deploy.0 = Debug|Any CPU
		{D94E9FD7-9D7F-44D9-8705-FD1F3B453BF9}.Debug|iPhone.ActiveCfg = Debug|Any CPU
		{D94E9FD7-9D7F-44D9-8705-FD1F3B453BF9}.Debug|iPhone.Build.0 = Debug|Any CPU
		{D94E9FD7-9D7F-44D9-8705-FD1F3B453BF9}.Debug|iPhone.Deploy.0 = Debug|Any CPU
		{D94E9FD7-9D7F-44D9-8705-FD1F3B453BF9}.Debug|iPhoneSimulator.ActiveCfg = Debug|Any CPU
		{D94E9FD7-9D7F-44D9-8705-FD1F3B453BF9}.Debug|iPhoneSimulator.Build.0 = Debug|Any CPU
		{D94E9FD7-9D7F-44D9-8705-FD1F3B453BF9}.Debug|iPhoneSimulator.Deploy.0 = Debug|Any CPU
		{D94E9FD7-9D7F-44D9-8705-FD1F3B453BF9}.Release|Any CPU.ActiveCfg = Release|Any CPU
		{D94E9FD7-9D7F-44D9-8705-FD1F3B453BF9}.Release|Any CPU.Build.0 = Release|Any CPU
		{D94E9FD7-9D7F-44D9-8705-FD1F3B453BF9}.Release|Any CPU.Deploy.0 = Release|Any CPU
		{D94E9FD7-9D7F-44D9-8705-FD1F3B453BF9}.Release|iPhone.ActiveCfg = Release|Any CPU
		{D94E9FD7-9D7F-44D9-8705-FD1F3B453BF9}.Release|iPhone.Build.0 = Release|Any CPU
		{D94E9FD7-9D7F-44D9-8705-FD1F3B453BF9}.Release|iPhone.Deploy.0 = Release|Any CPU
		{D94E9FD7-9D7F-44D9-8705-FD1F3B453BF9}.Release|iPhoneSimulator.ActiveCfg = Release|Any CPU
		{D94E9FD7-9D7F-44D9-8705-FD1F3B453BF9}.Release|iPhoneSimulator.Build.0 = Release|Any CPU
		{D94E9FD7-9D7F-44D9-8705-FD1F3B453BF9}.Release|iPhoneSimulator.Deploy.0 = Release|Any CPU
		{6DED4772-7955-480E-95F9-937ED57727FC}.Ad-Hoc|Any CPU.ActiveCfg = Ad-Hoc|iPhone
		{6DED4772-7955-480E-95F9-937ED57727FC}.Ad-Hoc|iPhone.ActiveCfg = Ad-Hoc|iPhone
		{6DED4772-7955-480E-95F9-937ED57727FC}.Ad-Hoc|iPhone.Build.0 = Ad-Hoc|iPhone
		{6DED4772-7955-480E-95F9-937ED57727FC}.Ad-Hoc|iPhoneSimulator.ActiveCfg = Ad-Hoc|iPhoneSimulator
		{6DED4772-7955-480E-95F9-937ED57727FC}.Ad-Hoc|iPhoneSimulator.Build.0 = Ad-Hoc|iPhoneSimulator
		{6DED4772-7955-480E-95F9-937ED57727FC}.AppStore|Any CPU.ActiveCfg = AppStore|iPhone
		{6DED4772-7955-480E-95F9-937ED57727FC}.AppStore|iPhone.ActiveCfg = AppStore|iPhone
		{6DED4772-7955-480E-95F9-937ED57727FC}.AppStore|iPhone.Build.0 = AppStore|iPhone
		{6DED4772-7955-480E-95F9-937ED57727FC}.AppStore|iPhoneSimulator.ActiveCfg = AppStore|iPhoneSimulator
		{6DED4772-7955-480E-95F9-937ED57727FC}.AppStore|iPhoneSimulator.Build.0 = AppStore|iPhoneSimulator
		{6DED4772-7955-480E-95F9-937ED57727FC}.Debug|Any CPU.ActiveCfg = Debug|iPhone
		{6DED4772-7955-480E-95F9-937ED57727FC}.Debug|iPhone.ActiveCfg = Debug|iPhone
		{6DED4772-7955-480E-95F9-937ED57727FC}.Debug|iPhone.Build.0 = Debug|iPhone
		{6DED4772-7955-480E-95F9-937ED57727FC}.Debug|iPhoneSimulator.ActiveCfg = Debug|iPhoneSimulator
		{6DED4772-7955-480E-95F9-937ED57727FC}.Debug|iPhoneSimulator.Build.0 = Debug|iPhoneSimulator
		{6DED4772-7955-480E-95F9-937ED57727FC}.Release|Any CPU.ActiveCfg = Release|iPhone
		{6DED4772-7955-480E-95F9-937ED57727FC}.Release|iPhone.ActiveCfg = Release|iPhone
		{6DED4772-7955-480E-95F9-937ED57727FC}.Release|iPhone.Build.0 = Release|iPhone
		{6DED4772-7955-480E-95F9-937ED57727FC}.Release|iPhoneSimulator.ActiveCfg = Release|iPhoneSimulator
		{6DED4772-7955-480E-95F9-937ED57727FC}.Release|iPhoneSimulator.Build.0 = Release|iPhoneSimulator
	EndGlobalSection
	GlobalSection(SolutionProperties) = preSolution
		HideSolutionNode = FALSE
	EndGlobalSection
EndGlobal
